
Microsoft Visual Studio Solution File, Format Version 12.00
# Visual Studio Version 16
VisualStudioVersion = 16.0.31911.196
MinimumVisualStudioVersion = 10.0.40219.1
Project("{FAE04EC0-301F-11D3-BF4B-00C04F79EFBC}") = "1_9", "1_9\1_9.csproj", "{8156765C-A230-4240-BFC0-07F3E62C922B}"
EndProject
Global
	GlobalSection(SolutionConfigurationPlatforms) = preSolution
		Debug|Any CPU = Debug|Any CPU
		Release|Any CPU = Release|Any CPU
	EndGlobalSection
	GlobalSection(ProjectConfigurationPlatforms) = postSolution
		{8156765C-A230-4240-BFC0-07F3E62C922B}.Debug|Any CPU.ActiveCfg = Debug|Any CPU
		{8156765C-A230-4240-BFC0-07F3E62C922B}.Debug|Any CPU.Build.0 = Debug|Any CPU
		{8156765C-A230-4240-BFC0-07F3E62C922B}.Release|Any CPU.ActiveCfg = Release|Any CPU
		{8156765C-A230-4240-BFC0-07F3E62C922B}.Release|Any CPU.Build.0 = Release|Any CPU
	EndGlobalSection
	GlobalSection(SolutionProperties) = preSolution
		HideSolutionNode = FALSE
	EndGlobalSection
	GlobalSection(ExtensibilityGlobals) = postSolution
		SolutionGuid = {134F2C6A-0750-4D9D-BC37-BEC5FFBFAD97}
	EndGlobalSection
EndGlobal
